
Microsoft Visual Studio Solution File, Format Version 12.00
# Visual Studio 14
VisualStudioVersion = 14.0.25420.1
MinimumVisualStudioVersion = 10.0.40219.1
Project("{2150E333-8FDC-42A3-9474-1A3956D46DE8}") = "src", "src", "{ACEE2D87-D3E0-454B-A42F-F70D381B3E60}"
EndProject
Project("{2150E333-8FDC-42A3-9474-1A3956D46DE8}") = "Solution Items", "Solution Items", "{6AF7E43B-7671-469B-96B5-49143F343FD0}"
	ProjectSection(SolutionItems) = preProject
		global.json = global.json
	EndProjectSection
EndProject
Project("{8BB2217D-0F2D-49D1-97BC-3654ED321F3B}") = "MarkdownAspNetCoreBlog", "src\MarkdownAspNetCoreBlog\MarkdownAspNetCoreBlog.xproj", "{66F034A8-FE90-420C-9E66-D5CE8F29B8D1}"
EndProject
Global
	GlobalSection(SolutionConfigurationPlatforms) = preSolution
		Debug|Any CPU = Debug|Any CPU
		Release|Any CPU = Release|Any CPU
	EndGlobalSection
	GlobalSection(ProjectConfigurationPlatforms) = postSolution
		{66F034A8-FE90-420C-9E66-D5CE8F29B8D1}.Debug|Any CPU.ActiveCfg = Debug|Any CPU
		{66F034A8-FE90-420C-9E66-D5CE8F29B8D1}.Debug|Any CPU.Build.0 = Debug|Any CPU
		{66F034A8-FE90-420C-9E66-D5CE8F29B8D1}.Release|Any CPU.ActiveCfg = Release|Any CPU
		{66F034A8-FE90-420C-9E66-D5CE8F29B8D1}.Release|Any CPU.Build.0 = Release|Any CPU
	EndGlobalSection
	GlobalSection(SolutionProperties) = preSolution
		HideSolutionNode = FALSE
	EndGlobalSection
	GlobalSection(NestedProjects) = preSolution
		{66F034A8-FE90-420C-9E66-D5CE8F29B8D1} = {ACEE2D87-D3E0-454B-A42F-F70D381B3E60}
	EndGlobalSection
EndGlobal
